
Microsoft Visual Studio Solution File, Format Version 12.00
# Visual Studio 15
VisualStudioVersion = 15.0.26124.0
MinimumVisualStudioVersion = 15.0.26124.0
Project("{FAE04EC0-301F-11D3-BF4B-00C04F79EFBC}") = "QuickBuy.Dominio", "QuickBuy.Dominio\QuickBuy.Dominio.csproj", "{7BC3CC2B-382B-47E1-B95E-BBB76C682AFD}"
EndProject
Project("{FAE04EC0-301F-11D3-BF4B-00C04F79EFBC}") = "QuickBuy.Repositorio", "QuickBuy.Repositorio\QuickBuy.Repositorio.csproj", "{A6426CE5-3F46-4892-B739-C730A13DB697}"
EndProject
Project("{FAE04EC0-301F-11D3-BF4B-00C04F79EFBC}") = "QuickBuy.Web", "QuickBuy.Web\QuickBuy.Web.csproj", "{8EF1B480-5A1A-47BE-9B62-4AE38059C416}"
EndProject
Global
	GlobalSection(SolutionConfigurationPlatforms) = preSolution
		Debug|Any CPU = Debug|Any CPU
		Debug|x64 = Debug|x64
		Debug|x86 = Debug|x86
		Release|Any CPU = Release|Any CPU
		Release|x64 = Release|x64
		Release|x86 = Release|x86
	EndGlobalSection
	GlobalSection(SolutionProperties) = preSolution
		HideSolutionNode = FALSE
	EndGlobalSection
	GlobalSection(ProjectConfigurationPlatforms) = postSolution
		{7BC3CC2B-382B-47E1-B95E-BBB76C682AFD}.Debug|Any CPU.ActiveCfg = Debug|Any CPU
		{7BC3CC2B-382B-47E1-B95E-BBB76C682AFD}.Debug|Any CPU.Build.0 = Debug|Any CPU
		{7BC3CC2B-382B-47E1-B95E-BBB76C682AFD}.Debug|x64.ActiveCfg = Debug|Any CPU
		{7BC3CC2B-382B-47E1-B95E-BBB76C682AFD}.Debug|x64.Build.0 = Debug|Any CPU
		{7BC3CC2B-382B-47E1-B95E-BBB76C682AFD}.Debug|x86.ActiveCfg = Debug|Any CPU
		{7BC3CC2B-382B-47E1-B95E-BBB76C682AFD}.Debug|x86.Build.0 = Debug|Any CPU
		{7BC3CC2B-382B-47E1-B95E-BBB76C682AFD}.Release|Any CPU.ActiveCfg = Release|Any CPU
		{7BC3CC2B-382B-47E1-B95E-BBB76C682AFD}.Release|Any CPU.Build.0 = Release|Any CPU
		{7BC3CC2B-382B-47E1-B95E-BBB76C682AFD}.Release|x64.ActiveCfg = Release|Any CPU
		{7BC3CC2B-382B-47E1-B95E-BBB76C682AFD}.Release|x64.Build.0 = Release|Any CPU
		{7BC3CC2B-382B-47E1-B95E-BBB76C682AFD}.Release|x86.ActiveCfg = Release|Any CPU
		{7BC3CC2B-382B-47E1-B95E-BBB76C682AFD}.Release|x86.Build.0 = Release|Any CPU
		{A6426CE5-3F46-4892-B739-C730A13DB697}.Debug|Any CPU.ActiveCfg = Debug|Any CPU
		{A6426CE5-3F46-4892-B739-C730A13DB697}.Debug|Any CPU.Build.0 = Debug|Any CPU
		{A6426CE5-3F46-4892-B739-C730A13DB697}.Debug|x64.ActiveCfg = Debug|Any CPU
		{A6426CE5-3F46-4892-B739-C730A13DB697}.Debug|x64.Build.0 = Debug|Any CPU
		{A6426CE5-3F46-4892-B739-C730A13DB697}.Debug|x86.ActiveCfg = Debug|Any CPU
		{A6426CE5-3F46-4892-B739-C730A13DB697}.Debug|x86.Build.0 = Debug|Any CPU
		{A6426CE5-3F46-4892-B739-C730A13DB697}.Release|Any CPU.ActiveCfg = Release|Any CPU
		{A6426CE5-3F46-4892-B739-C730A13DB697}.Release|Any CPU.Build.0 = Release|Any CPU
		{A6426CE5-3F46-4892-B739-C730A13DB697}.Release|x64.ActiveCfg = Release|Any CPU
		{A6426CE5-3F46-4892-B739-C730A13DB697}.Release|x64.Build.0 = Release|Any CPU
		{A6426CE5-3F46-4892-B739-C730A13DB697}.Release|x86.ActiveCfg = Release|Any CPU
		{A6426CE5-3F46-4892-B739-C730A13DB697}.Release|x86.Build.0 = Release|Any CPU
		{8EF1B480-5A1A-47BE-9B62-4AE38059C416}.Debug|Any CPU.ActiveCfg = Debug|Any CPU
		{8EF1B480-5A1A-47BE-9B62-4AE38059C416}.Debug|Any CPU.Build.0 = Debug|Any CPU
		{8EF1B480-5A1A-47BE-9B62-4AE38059C416}.Debug|x64.ActiveCfg = Debug|Any CPU
		{8EF1B480-5A1A-47BE-9B62-4AE38059C416}.Debug|x64.Build.0 = Debug|Any CPU
		{8EF1B480-5A1A-47BE-9B62-4AE38059C416}.Debug|x86.ActiveCfg = Debug|Any CPU
		{8EF1B480-5A1A-47BE-9B62-4AE38059C416}.Debug|x86.Build.0 = Debug|Any CPU
		{8EF1B480-5A1A-47BE-9B62-4AE38059C416}.Release|Any CPU.ActiveCfg = Release|Any CPU
		{8EF1B480-5A1A-47BE-9B62-4AE38059C416}.Release|Any CPU.Build.0 = Release|Any CPU
		{8EF1B480-5A1A-47BE-9B62-4AE38059C416}.Release|x64.ActiveCfg = Release|Any CPU
		{8EF1B480-5A1A-47BE-9B62-4AE38059C416}.Release|x64.Build.0 = Release|Any CPU
		{8EF1B480-5A1A-47BE-9B62-4AE38059C416}.Release|x86.ActiveCfg = Release|Any CPU
		{8EF1B480-5A1A-47BE-9B62-4AE38059C416}.Release|x86.Build.0 = Release|Any CPU
	EndGlobalSection
EndGlobal
